github.com/alexedwards/scs/sqlite3store v0.0.0-20240316134038-7e11d57e8885 h1:+DCxWg/ojncqS+TGAuRUoV7OfG/S4doh0pcpAwEcow0=
github.com/alexedwards/scs/sqlite3store v0.0.0-20240316134038-7e11d57e8885/go.mod h1:Iyk7S76cxGaiEX/mSYmTZzYehp4KfyylcLaV3OnToss=
github.com/alexedwards/scs/v2 v2.8.0 h1:h31yUYoycPuL0zt14c0gd+oqxfRwIj6SOjHdKRZxhEw=
github.com/alexedwards/scs/v2 v2.8.0/go.mod h1:ToaROZxyKukJKT/xLcVQAChi5k6+Pn1Gvmdl7h3RRj8=
github.com/mattn/go-sqlite3 v1.14.6/go.mod h1:NyWgC/yNuGj7Q9rpYnZvas74GogHl5/Z4A/KQRfk6bU=
github.com/mattn/go-sqlite3 v1.14.22 h1:2gZY6PC6kBnID23Tichd1K+Z0oS6nE/XwU+Vz/5o4kU=
github.com/mattn/go-sqlite3 v1.14.22/go.mod h1:Uh1q+B4BYcTPb+yiD3kU8Ct7aC0hY9fxUwlHK0RXw+Y=
